# THIS IS AN AUTOGENERATED FILE. DO NOT EDIT THIS FILE DIRECTLY.
# yarn lockfile v1


bootstrap@^4.4.1:
  version "4.4.1"
  resolved "https://registry.yarnpkg.com/bootstrap/-/bootstrap-4.4.1.tgz#8582960eea0c5cd2bede84d8b0baf3789c3e8b01"
  integrity sha512-tbx5cHubwE6e2ZG7nqM3g/FZ5PQEDMWmMGNrCUBVRPHXTJaH7CBDdsLeu3eCh3B1tzAxTnAbtmrzvWEvT2NNEA==

jquery@^3.4.1:
  version "3.4.1"
  resolved "https://registry.yarnpkg.com/jquery/-/jquery-3.4.1.tgz#714f1f8d9dde4bdfa55764ba37ef214630d80ef2"
  integrity sha512-36+AdBzCL+y6qjw5Tx7HgzeGCzC81MDDgaUP8ld2zhx58HdqXGoBd+tHdrBMiyjGQs0Hxs/MLZTu/eHNJJuWPw==

postcss-value-parser@^4.0.2:
  version "4.0.2"
  resolved "https://registry.yarnpkg.com/postcss-value-parser/-/postcss-value-parser-4.0.2.tgz#482282c09a42706d1fc9a069b73f44ec08391dc9"
  integrity sha512-LmeoohTpp/K4UiyQCwuGWlONxXamGzCMtFxLq4W1nZVGIQLYvMCJx3yAF9qyyuFpflABI9yVdtJAqbihOsCsJQ==

rfs@^9.0.2:
  version "9.0.2"
  resolved "https://registry.yarnpkg.com/rfs/-/rfs-9.0.2.tgz#3561013d529e4cbeb5839bd7a6b4e2fa48a54a28"
  integrity sha512-reBlIf8GuC3h6LgpEWMCjGUwo7kNgNNnxhX6yTEHD4NEjg4gsVoWyqJ8rdNYjD2KFWxBqAmfuFIQcuaKNY0Oqg==
  dependencies:
    postcss-value-parser "^4.0.2"
